// !$*UTF8*$!
{
	archiveVersion = 1;
	classes = {
	};
	objectVersion = 50;
	objects = {

/* Begin PBXBuildFile section */
		7A59FAB4215BDF91004272C9 /* AppDelegate.swift in Sources */ = {isa = PBXBuildFile; fileRef = 7A59FAB3215BDF91004272C9 /* AppDelegate.swift */; };
		7A59FAB6215BDF91004272C9 /* MapViewController.swift in Sources */ = {isa = PBXBuildFile; fileRef = 7A59FAB5215BDF91004272C9 /* MapViewController.swift */; };
		7A59FAB8215BDF91004272C9 /* QRScannerViewController.swift in Sources */ = {isa = PBXBuildFile; fileRef = 7A59FAB7215BDF91004272C9 /* QRScannerViewController.swift */; };
		7A59FABB215BDF91004272C9 /* Main.storyboard in Resources */ = {isa = PBXBuildFile; fileRef = 7A59FAB9215BDF91004272C9 /* Main.storyboard */; };
		7A59FABD215BDF92004272C9 /* Assets.xcassets in Resources */ = {isa = PBXBuildFile; fileRef = 7A59FABC215BDF92004272C9 /* Assets.xcassets */; };
		7A59FAC0215BDF92004272C9 /* LaunchScreen.storyboard in Resources */ = {isa = PBXBuildFile; fileRef = 7A59FABE215BDF92004272C9 /* LaunchScreen.storyboard */; };
		7A6B70362162A33700D95FF1 /* CoreLocation.framework in Frameworks */ = {isa = PBXBuildFile; fileRef = 7A6B70352162A33700D95FF1 /* CoreLocation.framework */; };
		7A98F1982167E0F40083BEB4 /* PinsTableViewController.swift in Sources */ = {isa = PBXBuildFile; fileRef = 7A98F1972167E0F40083BEB4 /* PinsTableViewController.swift */; };
		7AD6C7CA215C2F5D00DA1807 /* ViewController.swift in Sources */ = {isa = PBXBuildFile; fileRef = 7AD6C7C9215C2F5D00DA1807 /* ViewController.swift */; };
		7AD6C7CC215C3AA000DA1807 /* Destination.swift in Sources */ = {isa = PBXBuildFile; fileRef = 7AD6C7CB215C3AA000DA1807 /* Destination.swift */; };
/* End PBXBuildFile section */

/* Begin PBXFileReference section */
		7A59FAB0215BDF91004272C9 /* ProjectMultiLocations.app */ = {isa = PBXFileReference; explicitFileType = wrapper.application; includeInIndex = 0; path = ProjectMultiLocations.app; sourceTree = BUILT_PRODUCTS_DIR; };
		7A59FAB3215BDF91004272C9 /* AppDelegate.swift */ = {isa = PBXFileReference; lastKnownFileType = sourcecode.swift; path = AppDelegate.swift; sourceTree = "<group>"; };
		7A59FAB5215BDF91004272C9 /* MapViewController.swift */ = {isa = PBXFileReference; lastKnownFileType = sourcecode.swift; path = MapViewController.swift; sourceTree = "<group>"; };
		7A59FAB7215BDF91004272C9 /* QRScannerViewController.swift */ = {isa = PBXFileReference; lastKnownFileType = sourcecode.swift; path = QRScannerViewController.swift; sourceTree = "<group>"; };
		7A59FABA215BDF91004272C9 /* Base */ = {isa = PBXFileReference; lastKnownFileType = file.storyboard; name = Base; path = Base.lproj/Main.storyboard; sourceTree = "<group>"; };
		7A59FABC215BDF92004272C9 /* Assets.xcassets */ = {isa = PBXFileReference; lastKnownFileType = folder.assetcatalog; path = Assets.xcassets; sourceTree = "<group>"; };
		7A59FABF215BDF92004272C9 /* Base */ = {isa = PBXFileReference; lastKnownFileType = file.storyboard; name = Base; path = Base.lproj/LaunchScreen.storyboard; sourceTree = "<group>"; };
		7A59FAC1215BDF92004272C9 /* Info.plist */ = {isa = PBXFileReference; lastKnownFileType = text.plist.xml; path = Info.plist; sourceTree = "<group>"; };
		7A6B70352162A33700D95FF1 /* CoreLocation.framework */ = {isa = PBXFileReference; lastKnownFileType = wrapper.framework; name = CoreLocation.framework; path = System/Library/Frameworks/CoreLocation.framework; sourceTree = SDKROOT; };
		7A98F1972167E0F40083BEB4 /* PinsTableViewController.swift */ = {isa = PBXFileReference; lastKnownFileType = sourcecode.swift; path = PinsTableViewController.swift; sourceTree = "<group>"; };
		7AD6C7C9215C2F5D00DA1807 /* ViewController.swift */ = {isa = PBXFileReference; lastKnownFileType = sourcecode.swift; path = ViewController.swift; sourceTree = "<group>"; };
		7AD6C7CB215C3AA000DA1807 /* Destination.swift */ = {isa = PBXFileReference; lastKnownFileType = sourcecode.swift; path = Destination.swift; sourceTree = "<group>"; };
/* End PBXFileReference section */

/* Begin PBXFrameworksBuildPhase section */
		7A59FAAD215BDF91004272C9 /* Frameworks */ = {
			isa = PBXFrameworksBuildPhase;
			buildActionMask = 2147483647;
			files = (
				7A6B70362162A33700D95FF1 /* CoreLocation.framework in Frameworks */,
			);
			runOnlyForDeploymentPostprocessing = 0;
		};
/* End PBXFrameworksBuildPhase section */

/* Begin PBXGroup section */
		7A59FAA7215BDF91004272C9 = {
			isa = PBXGroup;
			children = (
				7AD6C7CB215C3AA000DA1807 /* Destination.swift */,
				7AD6C7C9215C2F5D00DA1807 /* ViewController.swift */,
				7A59FAB2215BDF91004272C9 /* ProjectMultiLocations */,
				7A59FAB1215BDF91004272C9 /* Products */,
				7A6B70342162A33700D95FF1 /* Frameworks */,
			);
			sourceTree = "<group>";
		};
		7A59FAB1215BDF91004272C9 /* Products */ = {
			isa = PBXGroup;
			children = (
				7A59FAB0215BDF91004272C9 /* ProjectMultiLocations.app */,
			);
			name = Products;
			sourceTree = "<group>";
		};
		7A59FAB2215BDF91004272C9 /* ProjectMultiLocations */ = {
			isa = PBXGroup;
			children = (
				7A59FAB3215BDF91004272C9 /* AppDelegate.swift */,
				7A59FAB5215BDF91004272C9 /* MapViewController.swift */,
				7A59FAB7215BDF91004272C9 /* QRScannerViewController.swift */,
				7A98F1972167E0F40083BEB4 /* PinsTableViewController.swift */,
				7A59FAB9215BDF91004272C9 /* Main.storyboard */,
				7A59FABC215BDF92004272C9 /* Assets.xcassets */,
				7A59FABE215BDF92004272C9 /* LaunchScreen.storyboard */,
				7A59FAC1215BDF92004272C9 /* Info.plist */,
			);
			path = ProjectMultiLocations;
			sourceTree = "<group>";
		};
		7A6B70342162A33700D95FF1 /* Frameworks */ = {
			isa = PBXGroup;
			children = (
				7A6B70352162A33700D95FF1 /* CoreLocation.framework */,
			);
			name = Frameworks;
			sourceTree = "<group>";
		};
/* End PBXGroup section */

/* Begin PBXNativeTarget section */
		7A59FAAF215BDF91004272C9 /* ProjectMultiLocations */ = {
			isa = PBXNativeTarget;
			buildConfigurationList = 7A59FAC4215BDF92004272C9 /* Build configuration list for PBXNativeTarget "ProjectMultiLocations" */;
			buildPhases = (
				7A59FAAC215BDF91004272C9 /* Sources */,
				7A59FAAD215BDF91004272C9 /* Frameworks */,
				7A59FAAE215BDF91004272C9 /* Resources */,
			);
			buildRules = (
			);
			dependencies = (
			);
			name = ProjectMultiLocations;
			productName = ProjectMultiLocations;
			productReference = 7A59FAB0215BDF91004272C9 /* ProjectMultiLocations.app */;
			productType = "com.apple.product-type.application";
		};
/* End PBXNativeTarget section */

/* Begin PBXProject section */
		7A59FAA8215BDF91004272C9 /* Project object */ = {
			isa = PBXProject;
			attributes = {
				LastSwiftUpdateCheck = 1000;
				LastUpgradeCheck = 1000;
				ORGANIZATIONNAME = "Vankina,Satya Sai Ram";
				TargetAttributes = {
					7A59FAAF215BDF91004272C9 = {
						CreatedOnToolsVersion = 10.0;
					};
				};
			};
			buildConfigurationList = 7A59FAAB215BDF91004272C9 /* Build configuration list for PBXProject "ProjectMultiLocations" */;
			compatibilityVersion = "Xcode 9.3";
			developmentRegion = en;
			hasScannedForEncodings = 0;
			knownRegions = (
				en,
				Base,
			);
			mainGroup = 7A59FAA7215BDF91004272C9;
			productRefGroup = 7A59FAB1215BDF91004272C9 /* Products */;
			projectDirPath = "";
			projectRoot = "";
			targets = (
				7A59FAAF215BDF91004272C9 /* ProjectMultiLocations */,
			);
		};
/* End PBXProject section */

/* Begin PBXResourcesBuildPhase section */
		7A59FAAE215BDF91004272C9 /* Resources */ = {
			isa = PBXResourcesBuildPhase;
			buildActionMask = 2147483647;
			files = (
				7A59FAC0215BDF92004272C9 /* LaunchScreen.storyboard in Resources */,
				7A59FABD215BDF92004272C9 /* Assets.xcassets in Resources */,
				7A59FABB215BDF91004272C9 /* Main.storyboard in Resources */,
			);
			runOnlyForDeploymentPostprocessing = 0;
		};
/* End PBXResourcesBuildPhase section */

/* Begin PBXSourcesBuildPhase section */
		7A59FAAC215BDF91004272C9 /* Sources */ = {
			isa = PBXSourcesBuildPhase;
			buildActionMask = 2147483647;
			files = (
				7A59FAB8215BDF91004272C9 /* QRScannerViewController.swift in Sources */,
				7A98F1982167E0F40083BEB4 /* PinsTableViewController.swift in Sources */,
				7A59FAB4215BDF91004272C9 /* AppDelegate.swift in Sources */,
				7AD6C7CC215C3AA000DA1807 /* Destination.swift in Sources */,
				7AD6C7CA215C2F5D00DA1807 /* ViewController.swift in Sources */,
				7A59FAB6215BDF91004272C9 /* MapViewController.swift in Sources */,
			);
			runOnlyForDeploymentPostprocessing = 0;
		};
/* End PBXSourcesBuildPhase section */

/* Begin PBXVariantGroup section */
		7A59FAB9215BDF91004272C9 /* Main.storyboard */ = {
			isa = PBXVariantGroup;
			children = (
				7A59FABA215BDF91004272C9 /* Base */,
			);
			name = Main.storyboard;
			sourceTree = "<group>";
		};
		7A59FABE215BDF92004272C9 /* LaunchScreen.storyboard */ = {
			isa = PBXVariantGroup;
			children = (
				7A59FABF215BDF92004272C9 /* Base */,
			);
			name = LaunchScreen.storyboard;
			sourceTree = "<group>";
		};
/* End PBXVariantGroup section */

/* Begin XCBuildConfiguration section */
		7A59FAC2215BDF92004272C9 /* Debug */ = {
			isa = XCBuildConfiguration;
			buildSettings = {
				ALWAYS_SEARCH_USER_PATHS = NO;
				CLANG_ANALYZER_NONNULL = YES;
				CLANG_ANALYZER_NUMBER_OBJECT_CONVERSION = YES_AGGRESSIVE;
				CLANG_CXX_LANGUAGE_STANDARD = "gnu++14";
				CLANG_CXX_LIBRARY = "libc++";
				CLANG_ENABLE_MODULES = YES;
				CLANG_ENABLE_OBJC_ARC = YES;
				CLANG_ENABLE_OBJC_WEAK = YES;
				CLANG_WARN_BLOCK_CAPTURE_AUTORELEASING = YES;
				CLANG_WARN_BOOL_CONVERSION = YES;
				CLANG_WARN_COMMA = YES;
				CLANG_WARN_CONSTANT_CONVERSION = YES;
				CLANG_WARN_DEPRECATED_OBJC_IMPLEMENTATIONS = YES;
				CLANG_WARN_DIRECT_OBJC_ISA_USAGE = YES_ERROR;
				CLANG_WARN_DOCUMENTATION_COMMENTS = YES;
				CLANG_WARN_EMPTY_BODY = YES;
				CLANG_WARN_ENUM_CONVERSION = YES;
				CLANG_WARN_INFINITE_RECURSION = YES;
				CLANG_WARN_INT_CONVERSION = YES;
				CLANG_WARN_NON_LITERAL_NULL_CONVERSION = YES;
				CLANG_WARN_OBJC_IMPLICIT_RETAIN_SELF = YES;
				CLANG_WARN_OBJC_LITERAL_CONVERSION = YES;
				CLANG_WARN_OBJC_ROOT_CLASS = YES_ERROR;
				CLANG_WARN_RANGE_LOOP_ANALYSIS = YES;
				CLANG_WARN_STRICT_PROTOTYPES = YES;
				CLANG_WARN_SUSPICIOUS_MOVE = YES;
				CLANG_WARN_UNGUARDED_AVAILABILITY = YES_AGGRESSIVE;
				CLANG_WARN_UNREACHABLE_CODE = YES;
				CLANG_WARN__DUPLICATE_METHOD_MATCH = YES;
				CODE_SIGN_IDENTITY = "iPhone Developer";
				COPY_PHASE_STRIP = NO;
				DEBUG_INFORMATION_FORMAT = dwarf;
				ENABLE_STRICT_OBJC_MSGSEND = YES;
				ENABLE_TESTABILITY = YES;
				GCC_C_LANGUAGE_STANDARD = gnu11;
				GCC_DYNAMIC_NO_PIC = NO;
				GCC_NO_COMMON_BLOCKS = YES;
				GCC_OPTIMIZATION_LEVEL = 0;
				GCC_PREPROCESSOR_DEFINITIONS = (
					"DEBUG=1",
					"$(inherited)",
				);
				GCC_WARN_64_TO_32_BIT_CONVERSION = YES;
				GCC_WARN_ABOUT_RETURN_TYPE = YES_ERROR;
				GCC_WARN_UNDECLARED_SELECTOR = YES;
				GCC_WARN_UNINITIALIZED_AUTOS = YES_AGGRESSIVE;
				GCC_WARN_UNUSED_FUNCTION = YES;
				GCC_WARN_UNUSED_VARIABLE = YES;
				IPHONEOS_DEPLOYMENT_TARGET = 12.0;
				MTL_ENABLE_DEBUG_INFO = INCLUDE_SOURCE;
				MTL_FAST_MATH = YES;
				ONLY_ACTIVE_ARCH = YES;
				SDKROOT = iphoneos;
				SWIFT_ACTIVE_COMPILATION_CONDITIONS = DEBUG;
				SWIFT_OPTIMIZATION_LEVEL = "-Onone";
			};
			name = Debug;
		};
		7A59FAC3215BDF92004272C9 /* Release */ = {
			isa = XCBuildConfiguration;
			buildSettings = {
				ALWAYS_SEARCH_USER_PATHS = NO;
				CLANG_ANALYZER_NONNULL = YES;
				CLANG_ANALYZER_NUMBER_OBJECT_CONVERSION = YES_AGGRESSIVE;
				CLANG_CXX_LANGUAGE_STANDARD = "gnu++14";
				CLANG_CXX_LIBRARY = "libc++";
				CLANG_ENABLE_MODULES = YES;
				CLANG_ENABLE_OBJC_ARC = YES;
				CLANG_ENABLE_OBJC_WEAK = YES;
				CLANG_WARN_BLOCK_CAPTURE_AUTORELEASING = YES;
				CLANG_WARN_BOOL_CONVERSION = YES;
				CLANG_WARN_COMMA = YES;
				CLANG_WARN_CONSTANT_CONVERSION = YES;
				CLANG_WARN_DEPRECATED_OBJC_IMPLEMENTATIONS = YES;
				CLANG_WARN_DIRECT_OBJC_ISA_USAGE = YES_ERROR;
				CLANG_WARN_DOCUMENTATION_COMMENTS = YES;
				CLANG_WARN_EMPTY_BODY = YES;
				CLANG_WARN_ENUM_CONVERSION = YES;
				CLANG_WARN_INFINITE_RECURSION = YES;
				CLANG_WARN_INT_CONVERSION = YES;
				CLANG_WARN_NON_LITERAL_NULL_CONVERSION = YES;
				CLANG_WARN_OBJC_IMPLICIT_RETAIN_SELF = YES;
				CLANG_WARN_OBJC_LITERAL_CONVERSION = YES;
				CLANG_WARN_OBJC_ROOT_CLASS = YES_ERROR;
				CLANG_WARN_RANGE_LOOP_ANALYSIS = YES;
				CLANG_WARN_STRICT_PROTOTYPES = YES;
				CLANG_WARN_SUSPICIOUS_MOVE = YES;
				CLANG_WARN_UNGUARDED_AVAILABILITY = YES_AGGRESSIVE;
				CLANG_WARN_UNREACHABLE_CODE = YES;
				CLANG_WARN__DUPLICATE_METHOD_MATCH = YES;
				CODE_SIGN_IDENTITY = "iPhone Developer";
				COPY_PHASE_STRIP = NO;
				DEBUG_INFORMATION_FORMAT = "dwarf-with-dsym";
				ENABLE_NS_ASSERTIONS = NO;
				ENABLE_STRICT_OBJC_MSGSEND = YES;
				GCC_C_LANGUAGE_STANDARD = gnu11;
				GCC_NO_COMMON_BLOCKS = YES;
				GCC_WARN_64_TO_32_BIT_CONVERSION = YES;
				GCC_WARN_ABOUT_RETURN_TYPE = YES_ERROR;
				GCC_WARN_UNDECLARED_SELECTOR = YES;
				GCC_WARN_UNINITIALIZED_AUTOS = YES_AGGRESSIVE;
				GCC_WARN_UNUSED_FUNCTION = YES;
				GCC_WARN_UNUSED_VARIABLE = YES;
				IPHONEOS_DEPLOYMENT_TARGET = 12.0;
				MTL_ENABLE_DEBUG_INFO = NO;
				MTL_FAST_MATH = YES;
				SDKROOT = iphoneos;
				SWIFT_COMPILATION_MODE = wholemodule;
				SWIFT_OPTIMIZATION_LEVEL = "-O";
				VALIDATE_PRODUCT = YES;
			};
			name = Release;
		};
		7A59FAC5215BDF92004272C9 /* Debug */ = {
			isa = XCBuildConfiguration;
			buildSettings = {
				ASSETCATALOG_COMPILER_APPICON_NAME = AppIcon;
				CODE_SIGN_STYLE = Automatic;
				DEVELOPMENT_TEAM = 4U9LTG8F3X;
				INFOPLIST_FILE = ProjectMultiLocations/Info.plist;
				LD_RUNPATH_SEARCH_PATHS = (
					"$(inherited)",
					"@executable_path/Frameworks",
				);
				PRODUCT_BUNDLE_IDENTIFIER = ios.ProjectMultiLocations;
				PRODUCT_NAME = "$(TARGET_NAME)";
				SWIFT_VERSION = 4.2;
				TARGETED_DEVICE_FAMILY = "1,2";
			};
			name = Debug;
		};
		7A59FAC6215BDF92004272C9 /* Release */ = {
			isa = XCBuildConfiguration;
			buildSettings = {
				ASSETCATALOG_COMPILER_APPICON_NAME = AppIcon;
				CODE_SIGN_STYLE = Automatic;
				DEVELOPMENT_TEAM = 4U9LTG8F3X;
				INFOPLIST_FILE = ProjectMultiLocations/Info.plist;
				LD_RUNPATH_SEARCH_PATHS = (
					"$(inherited)",
					"@executable_path/Frameworks",
				);
				PRODUCT_BUNDLE_IDENTIFIER = ios.ProjectMultiLocations;
				PRODUCT_NAME = "$(TARGET_NAME)";
				SWIFT_VERSION = 4.2;
				TARGETED_DEVICE_FAMILY = "1,2";
			};
			name = Release;
		};
/* End XCBuildConfiguration section */

/* Begin XCConfigurationList section */
		7A59FAAB215BDF91004272C9 /* Build configuration list for PBXProject "ProjectMultiLocations" */ = {
			isa = XCConfigurationList;
			buildConfigurations = (
				7A59FAC2215BDF92004272C9 /* Debug */,
				7A59FAC3215BDF92004272C9 /* Release */,
			);
			defaultConfigurationIsVisible = 0;
			defaultConfigurationName = Release;
		};
		7A59FAC4215BDF92004272C9 /* Build configuration list for PBXNativeTarget "ProjectMultiLocations" */ = {
			isa = XCConfigurationList;
			buildConfigurations = (
				7A59FAC5215BDF92004272C9 /* Debug */,
				7A59FAC6215BDF92004272C9 /* Release */,
			);
			defaultConfigurationIsVisible = 0;
			defaultConfigurationName = Release;
		};
/* End XCConfigurationList section */
	};
	rootObject = 7A59FAA8215BDF91004272C9 /* Project object */;
}
